
Microsoft Visual Studio Solution File, Format Version 12.00
# Visual Studio 2012
Project("{FAE04EC0-301F-11D3-BF4B-00C04F79EFBC}") = "MVC4Sample3.Web", "MVC4Sample3.Web\MVC4Sample3.Web.csproj", "{F4300D74-F2D5-407A-AB30-E31F9659E693}"
EndProject
Global
	GlobalSection(SolutionConfigurationPlatforms) = preSolution
		Debug|Any CPU = Debug|Any CPU
		Release|Any CPU = Release|Any CPU
	EndGlobalSection
	GlobalSection(ProjectConfigurationPlatforms) = postSolution
		{F4300D74-F2D5-407A-AB30-E31F9659E693}.Debug|Any CPU.ActiveCfg = Debug|Any CPU
		{F4300D74-F2D5-407A-AB30-E31F9659E693}.Debug|Any CPU.Build.0 = Debug|Any CPU
		{F4300D74-F2D5-407A-AB30-E31F9659E693}.Release|Any CPU.ActiveCfg = Release|Any CPU
		{F4300D74-F2D5-407A-AB30-E31F9659E693}.Release|Any CPU.Build.0 = Release|Any CPU
	EndGlobalSection
	GlobalSection(SolutionProperties) = preSolution
		HideSolutionNode = FALSE
	EndGlobalSection
EndGlobal
